PODS:
  - XUserDefaultsTool (0.0.1)

DEPENDENCIES:
  - XUserDefaultsTool

SPEC REPOS:
  https://github.com/cocoapods/specs.git:
    - XUserDefaultsTool

SPEC CHECKSUMS:
  XUserDefaultsTool: ee9dbbc7dd862402b25be21a5c5b36b1ce32d75d

PODFILE CHECKSUM: dd043b8d3d46abb4e263e7348abdedd80d386cc7

COCOAPODS: 1.5.3
